
Microsoft Visual Studio Solution File, Format Version 12.00
# Visual Studio Version 16
VisualStudioVersion = 16.0.31702.278
MinimumVisualStudioVersion = 10.0.40219.1
Project("{FAE04EC0-301F-11D3-BF4B-00C04F79EFBC}") = "PotterKata", "PotterKata\PotterKata.csproj", "{FA4A28F9-4603-4C92-AAEF-9CF96D945E14}"
EndProject
Project("{FAE04EC0-301F-11D3-BF4B-00C04F79EFBC}") = "HarryPotterBooks", "HarryPotterBooks\HarryPotterBooks.csproj", "{FB1C1573-5F50-46A0-A412-C1B260F57D48}"
EndProject
Global
	GlobalSection(SolutionConfigurationPlatforms) = preSolution
		Debug|Any CPU = Debug|Any CPU
		Release|Any CPU = Release|Any CPU
	EndGlobalSection
	GlobalSection(ProjectConfigurationPlatforms) = postSolution
		{FA4A28F9-4603-4C92-AAEF-9CF96D945E14}.Debug|Any CPU.ActiveCfg = Debug|Any CPU
		{FA4A28F9-4603-4C92-AAEF-9CF96D945E14}.Debug|Any CPU.Build.0 = Debug|Any CPU
		{FA4A28F9-4603-4C92-AAEF-9CF96D945E14}.Release|Any CPU.ActiveCfg = Release|Any CPU
		{FA4A28F9-4603-4C92-AAEF-9CF96D945E14}.Release|Any CPU.Build.0 = Release|Any CPU
		{FB1C1573-5F50-46A0-A412-C1B260F57D48}.Debug|Any CPU.ActiveCfg = Debug|Any CPU
		{FB1C1573-5F50-46A0-A412-C1B260F57D48}.Debug|Any CPU.Build.0 = Debug|Any CPU
		{FB1C1573-5F50-46A0-A412-C1B260F57D48}.Release|Any CPU.ActiveCfg = Release|Any CPU
		{FB1C1573-5F50-46A0-A412-C1B260F57D48}.Release|Any CPU.Build.0 = Release|Any CPU
	EndGlobalSection
	GlobalSection(SolutionProperties) = preSolution
		HideSolutionNode = FALSE
	EndGlobalSection
	GlobalSection(ExtensibilityGlobals) = postSolution
		SolutionGuid = {BA9CDF84-DC6A-48CA-AD24-CF5785F33249}
	EndGlobalSection
EndGlobal
